// !$*UTF8*$!
{
	archiveVersion = 1;
	classes = {
	};
	objectVersion = 46;
	objects = {

/* Begin PBXBuildFile section */
		236E2CF11F5E642A00FB26B7 /* AppDelegate.swift in Sources */ = {isa = PBXBuildFile; fileRef = 236E2CF01F5E642A00FB26B7 /* AppDelegate.swift */; };
		236E2CF31F5E642A00FB26B7 /* ViewController.swift in Sources */ = {isa = PBXBuildFile; fileRef = 236E2CF21F5E642A00FB26B7 /* ViewController.swift */; };
		236E2CF61F5E642A00FB26B7 /* Main.storyboard in Resources */ = {isa = PBXBuildFile; fileRef = 236E2CF41F5E642A00FB26B7 /* Main.storyboard */; };
		236E2CF81F5E642A00FB26B7 /* Assets.xcassets in Resources */ = {isa = PBXBuildFile; fileRef = 236E2CF71F5E642A00FB26B7 /* Assets.xcassets */; };
		236E2CFB1F5E642A00FB26B7 /* LaunchScreen.storyboard in Resources */ = {isa = PBXBuildFile; fileRef = 236E2CF91F5E642A00FB26B7 /* LaunchScreen.storyboard */; };
/* End PBXBuildFile section */

/* Begin PBXFileReference section */
		236E2CED1F5E642A00FB26B7 /* SaveTheKittensAndAcceptTheHailessOnes.app */ = {isa = PBXFileReference; explicitFileType = wrapper.application; includeInIndex = 0; path = SaveTheKittensAndAcceptTheHailessOnes.app; sourceTree = BUILT_PRODUCTS_DIR; };
		236E2CF01F5E642A00FB26B7 /* AppDelegate.swift */ = {isa = PBXFileReference; lastKnownFileType = sourcecode.swift; path = AppDelegate.swift; sourceTree = "<group>"; };
		236E2CF21F5E642A00FB26B7 /* ViewController.swift */ = {isa = PBXFileReference; lastKnownFileType = sourcecode.swift; path = ViewController.swift; sourceTree = "<group>"; };
		236E2CF51F5E642A00FB26B7 /* Base */ = {isa = PBXFileReference; lastKnownFileType = file.storyboard; name = Base; path = Base.lproj/Main.storyboard; sourceTree = "<group>"; };
		236E2CF71F5E642A00FB26B7 /* Assets.xcassets */ = {isa = PBXFileReference; lastKnownFileType = folder.assetcatalog; path = Assets.xcassets; sourceTree = "<group>"; };
		236E2CFA1F5E642A00FB26B7 /* Base */ = {isa = PBXFileReference; lastKnownFileType = file.storyboard; name = Base; path = Base.lproj/LaunchScreen.storyboard; sourceTree = "<group>"; };
		236E2CFC1F5E642A00FB26B7 /* Info.plist */ = {isa = PBXFileReference; lastKnownFileType = text.plist.xml; path = Info.plist; sourceTree = "<group>"; };
/* End PBXFileReference section */

/* Begin PBXFrameworksBuildPhase section */
		236E2CEA1F5E642A00FB26B7 /* Frameworks */ = {
			isa = PBXFrameworksBuildPhase;
			buildActionMask = 2147483647;
			files = (
			);
			runOnlyForDeploymentPostprocessing = 0;
		};
/* End PBXFrameworksBuildPhase section */

/* Begin PBXGroup section */
		236E2CE41F5E642A00FB26B7 = {
			isa = PBXGroup;
			children = (
				236E2CEF1F5E642A00FB26B7 /* SaveTheKittensAndAcceptTheHailessOnes */,
				236E2CEE1F5E642A00FB26B7 /* Products */,
			);
			sourceTree = "<group>";
		};
		236E2CEE1F5E642A00FB26B7 /* Products */ = {
			isa = PBXGroup;
			children = (
				236E2CED1F5E642A00FB26B7 /* SaveTheKittensAndAcceptTheHailessOnes.app */,
			);
			name = Products;
			sourceTree = "<group>";
		};
		236E2CEF1F5E642A00FB26B7 /* SaveTheKittensAndAcceptTheHailessOnes */ = {
			isa = PBXGroup;
			children = (
				236E2CF01F5E642A00FB26B7 /* AppDelegate.swift */,
				236E2CF21F5E642A00FB26B7 /* ViewController.swift */,
				236E2CF41F5E642A00FB26B7 /* Main.storyboard */,
				236E2CF71F5E642A00FB26B7 /* Assets.xcassets */,
				236E2CF91F5E642A00FB26B7 /* LaunchScreen.storyboard */,
				236E2CFC1F5E642A00FB26B7 /* Info.plist */,
			);
			path = SaveTheKittensAndAcceptTheHailessOnes;
			sourceTree = "<group>";
		};
/* End PBXGroup section */

/* Begin PBXNativeTarget section */
		236E2CEC1F5E642A00FB26B7 /* SaveTheKittensAndAcceptTheHailessOnes */ = {
			isa = PBXNativeTarget;
			buildConfigurationList = 236E2CFF1F5E642A00FB26B7 /* Build configuration list for PBXNativeTarget "SaveTheKittensAndAcceptTheHailessOnes" */;
			buildPhases = (
				236E2CE91F5E642A00FB26B7 /* Sources */,
				236E2CEA1F5E642A00FB26B7 /* Frameworks */,
				236E2CEB1F5E642A00FB26B7 /* Resources */,
			);
			buildRules = (
			);
			dependencies = (
			);
			name = SaveTheKittensAndAcceptTheHailessOnes;
			productName = SaveTheKittensAndAcceptTheHailessOnes;
			productReference = 236E2CED1F5E642A00FB26B7 /* SaveTheKittensAndAcceptTheHailessOnes.app */;
			productType = "com.apple.product-type.application";
		};
/* End PBXNativeTarget section */

/* Begin PBXProject section */
		236E2CE51F5E642A00FB26B7 /* Project object */ = {
			isa = PBXProject;
			attributes = {
				LastSwiftUpdateCheck = 0820;
				LastUpgradeCheck = 0820;
				ORGANIZATIONNAME = "John Angelo";
				TargetAttributes = {
					236E2CEC1F5E642A00FB26B7 = {
						CreatedOnToolsVersion = 8.2.1;
						ProvisioningStyle = Automatic;
					};
				};
			};
			buildConfigurationList = 236E2CE81F5E642A00FB26B7 /* Build configuration list for PBXProject "SaveTheKittensAndAcceptTheHailessOnes" */;
			compatibilityVersion = "Xcode 3.2";
			developmentRegion = English;
			hasScannedForEncodings = 0;
			knownRegions = (
				en,
				Base,
			);
			mainGroup = 236E2CE41F5E642A00FB26B7;
			productRefGroup = 236E2CEE1F5E642A00FB26B7 /* Products */;
			projectDirPath = "";
			projectRoot = "";
			targets = (
				236E2CEC1F5E642A00FB26B7 /* SaveTheKittensAndAcceptTheHailessOnes */,
			);
		};
/* End PBXProject section */

/* Begin PBXResourcesBuildPhase section */
		236E2CEB1F5E642A00FB26B7 /* Resources */ = {
			isa = PBXResourcesBuildPhase;
			buildActionMask = 2147483647;
			files = (
				236E2CFB1F5E642A00FB26B7 /* LaunchScreen.storyboard in Resources */,
				236E2CF81F5E642A00FB26B7 /* Assets.xcassets in Resources */,
				236E2CF61F5E642A00FB26B7 /* Main.storyboard in Resources */,
			);
			runOnlyForDeploymentPostprocessing = 0;
		};
/* End PBXResourcesBuildPhase section */

/* Begin PBXSourcesBuildPhase section */
		236E2CE91F5E642A00FB26B7 /* Sources */ = {
			isa = PBXSourcesBuildPhase;
			buildActionMask = 2147483647;
			files = (
				236E2CF31F5E642A00FB26B7 /* ViewController.swift in Sources */,
				236E2CF11F5E642A00FB26B7 /* AppDelegate.swift in Sources */,
			);
			runOnlyForDeploymentPostprocessing = 0;
		};
/* End PBXSourcesBuildPhase section */

/* Begin PBXVariantGroup section */
		236E2CF41F5E642A00FB26B7 /* Main.storyboard */ = {
			isa = PBXVariantGroup;
			children = (
				236E2CF51F5E642A00FB26B7 /* Base */,
			);
			name = Main.storyboard;
			sourceTree = "<group>";
		};
		236E2CF91F5E642A00FB26B7 /* LaunchScreen.storyboard */ = {
			isa = PBXVariantGroup;
			children = (
				236E2CFA1F5E642A00FB26B7 /* Base */,
			);
			name = LaunchScreen.storyboard;
			sourceTree = "<group>";
		};
/* End PBXVariantGroup section */

/* Begin XCBuildConfiguration section */
		236E2CFD1F5E642A00FB26B7 /* Debug */ = {
			isa = XCBuildConfiguration;
			buildSettings = {
				ALWAYS_SEARCH_USER_PATHS = NO;
				CLANG_ANALYZER_NONNULL = YES;
				CLANG_CXX_LANGUAGE_STANDARD = "gnu++0x";
				CLANG_CXX_LIBRARY = "libc++";
				CLANG_ENABLE_MODULES = YES;
				CLANG_ENABLE_OBJC_ARC = YES;
				CLANG_WARN_BOOL_CONVERSION = YES;
				CLANG_WARN_CONSTANT_CONVERSION = YES;
				CLANG_WARN_DIRECT_OBJC_ISA_USAGE = YES_ERROR;
				CLANG_WARN_DOCUMENTATION_COMMENTS = YES;
				CLANG_WARN_EMPTY_BODY = YES;
				CLANG_WARN_ENUM_CONVERSION = YES;
				CLANG_WARN_INFINITE_RECURSION = YES;
				CLANG_WARN_INT_CONVERSION = YES;
				CLANG_WARN_OBJC_ROOT_CLASS = YES_ERROR;
				CLANG_WARN_SUSPICIOUS_MOVE = YES;
				CLANG_WARN_UNREACHABLE_CODE = YES;
				CLANG_WARN__DUPLICATE_METHOD_MATCH = YES;
				"CODE_SIGN_IDENTITY[sdk=iphoneos*]" = "iPhone Developer";
				COPY_PHASE_STRIP = NO;
				DEBUG_INFORMATION_FORMAT = dwarf;
				ENABLE_STRICT_OBJC_MSGSEND = YES;
				ENABLE_TESTABILITY = YES;
				GCC_C_LANGUAGE_STANDARD = gnu99;
				GCC_DYNAMIC_NO_PIC = NO;
				GCC_NO_COMMON_BLOCKS = YES;
				GCC_OPTIMIZATION_LEVEL = 0;
				GCC_PREPROCESSOR_DEFINITIONS = (
					"DEBUG=1",
					"$(inherited)",
				);
				GCC_WARN_64_TO_32_BIT_CONVERSION = YES;
				GCC_WARN_ABOUT_RETURN_TYPE = YES_ERROR;
				GCC_WARN_UNDECLARED_SELECTOR = YES;
				GCC_WARN_UNINITIALIZED_AUTOS = YES_AGGRESSIVE;
				GCC_WARN_UNUSED_FUNCTION = YES;
				GCC_WARN_UNUSED_VARIABLE = YES;
				IPHONEOS_DEPLOYMENT_TARGET = 10.2;
				MTL_ENABLE_DEBUG_INFO = YES;
				ONLY_ACTIVE_ARCH = YES;
				SDKROOT = iphoneos;
				SWIFT_ACTIVE_COMPILATION_CONDITIONS = DEBUG;
				SWIFT_OPTIMIZATION_LEVEL = "-Onone";
				TARGETED_DEVICE_FAMILY = "1,2";
			};
			name = Debug;
		};
		236E2CFE1F5E642A00FB26B7 /* Release */ = {
			isa = XCBuildConfiguration;
			buildSettings = {
				ALWAYS_SEARCH_USER_PATHS = NO;
				CLANG_ANALYZER_NONNULL = YES;
				CLANG_CXX_LANGUAGE_STANDARD = "gnu++0x";
				CLANG_CXX_LIBRARY = "libc++";
				CLANG_ENABLE_MODULES = YES;
				CLANG_ENABLE_OBJC_ARC = YES;
				CLANG_WARN_BOOL_CONVERSION = YES;
				CLANG_WARN_CONSTANT_CONVERSION = YES;
				CLANG_WARN_DIRECT_OBJC_ISA_USAGE = YES_ERROR;
				CLANG_WARN_DOCUMENTATION_COMMENTS = YES;
				CLANG_WARN_EMPTY_BODY = YES;
				CLANG_WARN_ENUM_CONVERSION = YES;
				CLANG_WARN_INFINITE_RECURSION = YES;
				CLANG_WARN_INT_CONVERSION = YES;
				CLANG_WARN_OBJC_ROOT_CLASS = YES_ERROR;
				CLANG_WARN_SUSPICIOUS_MOVE = YES;
				CLANG_WARN_UNREACHABLE_CODE = YES;
				CLANG_WARN__DUPLICATE_METHOD_MATCH = YES;
				"CODE_SIGN_IDENTITY[sdk=iphoneos*]" = "iPhone Developer";
				COPY_PHASE_STRIP = NO;
				DEBUG_INFORMATION_FORMAT = "dwarf-with-dsym";
				ENABLE_NS_ASSERTIONS = NO;
				ENABLE_STRICT_OBJC_MSGSEND = YES;
				GCC_C_LANGUAGE_STANDARD = gnu99;
				GCC_NO_COMMON_BLOCKS = YES;
				GCC_WARN_64_TO_32_BIT_CONVERSION = YES;
				GCC_WARN_ABOUT_RETURN_TYPE = YES_ERROR;
				GCC_WARN_UNDECLARED_SELECTOR = YES;
				GCC_WARN_UNINITIALIZED_AUTOS = YES_AGGRESSIVE;
				GCC_WARN_UNUSED_FUNCTION = YES;
				GCC_WARN_UNUSED_VARIABLE = YES;
				IPHONEOS_DEPLOYMENT_TARGET = 10.2;
				MTL_ENABLE_DEBUG_INFO = NO;
				SDKROOT = iphoneos;
				SWIFT_OPTIMIZATION_LEVEL = "-Owholemodule";
				TARGETED_DEVICE_FAMILY = "1,2";
				VALIDATE_PRODUCT = YES;
			};
			name = Release;
		};
		236E2D001F5E642A00FB26B7 /* Debug */ = {
			isa = XCBuildConfiguration;
			buildSettings = {
				ASSETCATALOG_COMPILER_APPICON_NAME = AppIcon;
				INFOPLIST_FILE = SaveTheKittensAndAcceptTheHailessOnes/Info.plist;
				LD_RUNPATH_SEARCH_PATHS = "$(inherited) @executable_path/Frameworks";
				PRODUCT_BUNDLE_IDENTIFIER = com.johnangelo.SaveTheKittensAndAcceptTheHailessOnes;
				PRODUCT_NAME = "$(TARGET_NAME)";
				SWIFT_VERSION = 3.0;
			};
			name = Debug;
		};
		236E2D011F5E642A00FB26B7 /* Release */ = {
			isa = XCBuildConfiguration;
			buildSettings = {
				ASSETCATALOG_COMPILER_APPICON_NAME = AppIcon;
				INFOPLIST_FILE = SaveTheKittensAndAcceptTheHailessOnes/Info.plist;
				LD_RUNPATH_SEARCH_PATHS = "$(inherited) @executable_path/Frameworks";
				PRODUCT_BUNDLE_IDENTIFIER = com.johnangelo.SaveTheKittensAndAcceptTheHailessOnes;
				PRODUCT_NAME = "$(TARGET_NAME)";
				SWIFT_VERSION = 3.0;
			};
			name = Release;
		};
/* End XCBuildConfiguration section */

/* Begin XCConfigurationList section */
		236E2CE81F5E642A00FB26B7 /* Build configuration list for PBXProject "SaveTheKittensAndAcceptTheHailessOnes" */ = {
			isa = XCConfigurationList;
			buildConfigurations = (
				236E2CFD1F5E642A00FB26B7 /* Debug */,
				236E2CFE1F5E642A00FB26B7 /* Release */,
			);
			defaultConfigurationIsVisible = 0;
			defaultConfigurationName = Release;
		};
		236E2CFF1F5E642A00FB26B7 /* Build configuration list for PBXNativeTarget "SaveTheKittensAndAcceptTheHailessOnes" */ = {
			isa = XCConfigurationList;
			buildConfigurations = (
				236E2D001F5E642A00FB26B7 /* Debug */,
				236E2D011F5E642A00FB26B7 /* Release */,
			);
			defaultConfigurationIsVisible = 0;
		};
/* End XCConfigurationList section */
	};
	rootObject = 236E2CE51F5E642A00FB26B7 /* Project object */;
}
